{
  "nodes": {
    "base16-schemes": {
      "flake": false,
      "locked": {
        "lastModified": 1680729003,
        "narHash": "sha256-M9LHTL24/W4oqgbYRkz0B2qpNrkefTs98pfj3MxIXnU=",
        "owner": "tinted-theming",
        "repo": "base16-schemes",
        "rev": "dc048afa066287a719ddbab62b3e19e4b5110cf0",
        "type": "github"
      },
      "original": {
        "owner": "tinted-theming",
        "repo": "base16-schemes",
        "type": "github"
      }
    },
    "hardware": {
      "locked": {
        "lastModified": 1695109627,
        "narHash": "sha256-4rpyoVzmunIG6xWA/EonnSSqC69bDBzciFi6SjBze/0=",
        "owner": "nixos",
        "repo": "nixos-hardware",
        "rev": "cb4dc98f776ddb6af165e6f06b2902efe31ca67a",
        "type": "github"
      },
      "original": {
        "owner": "nixos",
        "repo": "nixos-hardware",
        "type": "github"
      }
    },
    "home-manager": {
      "inputs": {
        "nixpkgs": [
          "nixpkgs"
        ]
      },
      "locked": {
        "lastModified": 1695108154,
        "narHash": "sha256-gSg7UTVtls2yO9lKtP0yb66XBHT1Fx5qZSZbGMpSn2c=",
        "owner": "nix-community",
        "repo": "home-manager",
        "rev": "07682fff75d41f18327a871088d20af2710d4744",
        "type": "github"
      },
      "original": {
        "owner": "nix-community",
        "ref": "release-23.05",
        "repo": "home-manager",
        "type": "github"
      }
    },
    "nix-colors": {
      "inputs": {
        "base16-schemes": "base16-schemes",
        "nixpkgs-lib": "nixpkgs-lib"
      },
      "locked": {
        "lastModified": 1682108218,
        "narHash": "sha256-tMr7BbxualFQlN+XopS8rMMgf2XR9ZfRuwIZtjsWmfI=",
        "owner": "misterio77",
        "repo": "nix-colors",
        "rev": "b92df8f5eb1fa20d8e09810c03c9dc0d94ef2820",
        "type": "github"
      },
      "original": {
        "owner": "misterio77",
        "repo": "nix-colors",
        "type": "github"
      }
    },
    "nix-darwin": {
      "inputs": {
        "nixpkgs": [
          "nixpkgs"
        ]
      },
      "locked": {
        "lastModified": 1695114819,
        "narHash": "sha256-/aIfbZxP39QZ8m7qX2RzQTy5PWzz2e22cCcZ+AOO7lA=",
        "owner": "LnL7",
        "repo": "nix-darwin",
        "rev": "afeddc412b3a3b0e7c9ef7ea5fbdf2186781d102",
        "type": "github"
      },
      "original": {
        "owner": "LnL7",
        "repo": "nix-darwin",
        "type": "github"
      }
    },
    "nix-ld-vscode": {
      "inputs": {
        "nixpkgs": [
          "nixpkgs"
        ]
      },
      "locked": {
        "lastModified": 1670387267,
        "narHash": "sha256-ych8Knod18I2wPZmd+l3ZhJzLunERT8MLw9FK9Ttmkc=",
        "owner": "scottstephens",
        "repo": "nix-ld-vscode",
        "rev": "8d12e660cd611dcab4ffb207490f5a9008a1c47e",
        "type": "github"
      },
      "original": {
        "owner": "scottstephens",
        "ref": "main",
        "repo": "nix-ld-vscode",
        "type": "github"
      }
    },
    "nixpkgs": {
      "locked": {
        "lastModified": 1694937365,
        "narHash": "sha256-iHZSGrb9gVpZRR4B2ishUN/1LRKWtSHZNO37C8z1SmA=",
        "owner": "nixos",
        "repo": "nixpkgs",
        "rev": "5d017a8822e0907fb96f7700a319f9fe2434de02",
        "type": "github"
      },
      "original": {
        "owner": "nixos",
        "ref": "nixos-23.05",
        "repo": "nixpkgs",
        "type": "github"
      }
    },
    "nixpkgs-lib": {
      "locked": {
        "lastModified": 1680397293,
        "narHash": "sha256-wBpJ73+tJ8fZSWb4tzNbAVahC4HSo2QG3nICDy4ExBQ=",
        "owner": "nix-community",
        "repo": "nixpkgs.lib",
        "rev": "b18d328214ca3c627d3cc3f51fd9d1397fdbcd7a",
        "type": "github"
      },
      "original": {
        "owner": "nix-community",
        "repo": "nixpkgs.lib",
        "type": "github"
      }
    },
    "nixpkgs-unstable": {
      "locked": {
        "lastModified": 1694959747,
        "narHash": "sha256-CXQ2MuledDVlVM5dLC4pB41cFlBWxRw4tCBsFrq3cRk=",
        "owner": "nixos",
        "repo": "nixpkgs",
        "rev": "970a59bd19eff3752ce552935687100c46e820a5",
        "type": "github"
      },
      "original": {
        "owner": "nixos",
        "ref": "nixos-unstable",
        "repo": "nixpkgs",
        "type": "github"
      }
    },
    "root": {
      "inputs": {
        "hardware": "hardware",
        "home-manager": "home-manager",
        "nix-colors": "nix-colors",
        "nix-darwin": "nix-darwin",
        "nix-ld-vscode": "nix-ld-vscode",
        "nixpkgs": "nixpkgs",
        "nixpkgs-unstable": "nixpkgs-unstable"
      }
    }
  },
  "root": "root",
  "version": 7
}
